{
  "name": "peatio",
  "requires": true,
  "lockfileVersion": 1,
  "dependencies": {
    "cryptocurrency-icons": {
      "version": "git+https://github.com/cjdowner/cryptocurrency-icons.git#f31fb4bf8371f113d502036bae066d3d88fb2980"
    },
    "currency-flags": {
      "version": "git+https://github.com/transferwise/currency-flags.git#432be37e74015cc9875c50c9cbd3586528d37d89"
    },
    "raven-js": {
      "version": "3.22.1",
      "resolved": "https://registry.npmjs.org/raven-js/-/raven-js-3.22.1.tgz",
      "integrity": "sha512-2Y8czUl5a9usbvXbpV8a+GPAiDXjxQjaHImZL0TyJWI5k5jV/6o+wceaBAg9g6RpO9OOJp0/w2mMs6pBoqOyDA=="
    }
  }
}
