# THIS IS AN AUTOGENERATED FILE. DO NOT EDIT THIS FILE DIRECTLY.
# yarn lockfile v1


perfect-scrollbar@^1.3.0:
  version "1.3.0"
  resolved "https://registry.yarnpkg.com/perfect-scrollbar/-/perfect-scrollbar-1.3.0.tgz#61da56f94b58870d8e0a617bce649cee17d1e3b2"
  integrity sha512-7Ub8YOvZB5k+pTy0K3LYUDnH9Xl3qvHcclJyIX+AV5UxHxll146iVGq4rtc+848nTDBQq89J7QxKKMA++cTXzQ==

raven-js@^3.22.1:
  version "3.22.1"
  resolved "https://registry.yarnpkg.com/raven-js/-/raven-js-3.22.1.tgz#1117f00dfefaa427ef6e1a7d50bbb1fb998a24da"
  integrity sha512-2Y8czUl5a9usbvXbpV8a+GPAiDXjxQjaHImZL0TyJWI5k5jV/6o+wceaBAg9g6RpO9OOJp0/w2mMs6pBoqOyDA==
