dependencies:
- name: mariadb
  repository: https://kubernetes-charts.storage.googleapis.com
  version: 2.0.1
- name: redis
  repository: https://kubernetes-charts.storage.googleapis.com
  version: 1.0.2
- name: rabbitmq
  repository: https://kubernetes-charts.storage.googleapis.com
  version: 0.6.8
digest: sha256:458c30e8a2dd9e7fa487a55064929b5e80e8876e805434186f93d6012a715de4
generated: 2017-11-09T09:07:48.63275863+02:00
